
Microsoft Visual Studio Solution File, Format Version 12.00
# Visual Studio Version 17
VisualStudioVersion = 17.0.31903.59
MinimumVisualStudioVersion = 10.0.40219.1
Project("{FAE04EC0-301F-11D3-BF4B-00C04F79EFBC}") = "MyCleanAPI.API", "MyCleanApi.API\MyCleanAPI.API.csproj", "{B439623C-BBA2-452B-AAFD-6DA0833AC568}"
EndProject
Project("{FAE04EC0-301F-11D3-BF4B-00C04F79EFBC}") = "MyCleanAPI.Application", "MyCleanApi.Application\MyCleanAPI.Application.csproj", "{48504923-5AC4-429A-88CB-F0AD2869955C}"
EndProject
Project("{FAE04EC0-301F-11D3-BF4B-00C04F79EFBC}") = "MyCleanAPI.Domain", "MyCleanApi.Domain\MyCleanAPI.Domain.csproj", "{F44094E6-7471-434F-B8C5-2B386136A5F2}"
EndProject
Project("{FAE04EC0-301F-11D3-BF4B-00C04F79EFBC}") = "MyCleanAPI.Infrastructure", "MyCleanApi.Infrastructure\MyCleanAPI.Infrastructure.csproj", "{02DF1A25-E2F2-40FA-9EAB-4C3C432258A9}"
EndProject
Global
	GlobalSection(SolutionConfigurationPlatforms) = preSolution
		Debug|Any CPU = Debug|Any CPU
		Release|Any CPU = Release|Any CPU
	EndGlobalSection
	GlobalSection(SolutionProperties) = preSolution
		HideSolutionNode = FALSE
	EndGlobalSection
	GlobalSection(ProjectConfigurationPlatforms) = postSolution
		{B439623C-BBA2-452B-AAFD-6DA0833AC568}.Debug|Any CPU.ActiveCfg = Debug|Any CPU
		{B439623C-BBA2-452B-AAFD-6DA0833AC568}.Debug|Any CPU.Build.0 = Debug|Any CPU
		{B439623C-BBA2-452B-AAFD-6DA0833AC568}.Release|Any CPU.ActiveCfg = Release|Any CPU
		{B439623C-BBA2-452B-AAFD-6DA0833AC568}.Release|Any CPU.Build.0 = Release|Any CPU
		{48504923-5AC4-429A-88CB-F0AD2869955C}.Debug|Any CPU.ActiveCfg = Debug|Any CPU
		{48504923-5AC4-429A-88CB-F0AD2869955C}.Debug|Any CPU.Build.0 = Debug|Any CPU
		{48504923-5AC4-429A-88CB-F0AD2869955C}.Release|Any CPU.ActiveCfg = Release|Any CPU
		{48504923-5AC4-429A-88CB-F0AD2869955C}.Release|Any CPU.Build.0 = Release|Any CPU
		{F44094E6-7471-434F-B8C5-2B386136A5F2}.Debug|Any CPU.ActiveCfg = Debug|Any CPU
		{F44094E6-7471-434F-B8C5-2B386136A5F2}.Debug|Any CPU.Build.0 = Debug|Any CPU
		{F44094E6-7471-434F-B8C5-2B386136A5F2}.Release|Any CPU.ActiveCfg = Release|Any CPU
		{F44094E6-7471-434F-B8C5-2B386136A5F2}.Release|Any CPU.Build.0 = Release|Any CPU
		{02DF1A25-E2F2-40FA-9EAB-4C3C432258A9}.Debug|Any CPU.ActiveCfg = Debug|Any CPU
		{02DF1A25-E2F2-40FA-9EAB-4C3C432258A9}.Debug|Any CPU.Build.0 = Debug|Any CPU
		{02DF1A25-E2F2-40FA-9EAB-4C3C432258A9}.Release|Any CPU.ActiveCfg = Release|Any CPU
		{02DF1A25-E2F2-40FA-9EAB-4C3C432258A9}.Release|Any CPU.Build.0 = Release|Any CPU
	EndGlobalSection
EndGlobal
